
Microsoft Visual Studio Solution File, Format Version 12.00
# Visual Studio Version 17
VisualStudioVersion = 17.1.32210.238
MinimumVisualStudioVersion = 10.0.40219.1
Project("{9A19103F-16F7-4668-BE54-9A1E7A4F7556}") = "JsonEditor", "JsonEditor\JsonEditor.csproj", "{2FC3B7AE-73F4-45F9-9284-B02EDA146B2A}"
EndProject
Global
	GlobalSection(SolutionConfigurationPlatforms) = preSolution
		Debug|Any CPU = Debug|Any CPU
		Release|Any CPU = Release|Any CPU
	EndGlobalSection
	GlobalSection(ProjectConfigurationPlatforms) = postSolution
		{2FC3B7AE-73F4-45F9-9284-B02EDA146B2A}.Debug|Any CPU.ActiveCfg = Release|Any CPU
		{2FC3B7AE-73F4-45F9-9284-B02EDA146B2A}.Debug|Any CPU.Build.0 = Release|Any CPU
		{2FC3B7AE-73F4-45F9-9284-B02EDA146B2A}.Release|Any CPU.ActiveCfg = Release|Any CPU
		{2FC3B7AE-73F4-45F9-9284-B02EDA146B2A}.Release|Any CPU.Build.0 = Release|Any CPU
	EndGlobalSection
	GlobalSection(SolutionProperties) = preSolution
		HideSolutionNode = FALSE
	EndGlobalSection
	GlobalSection(ExtensibilityGlobals) = postSolution
		SolutionGuid = {A4F9E925-FE9F-41BF-9536-438E69488E79}
	EndGlobalSection
EndGlobal
